
Microsoft Visual Studio Solution File, Format Version 12.00
# Visual Studio Version 17
VisualStudioVersion = 17.4.33213.308
MinimumVisualStudioVersion = 10.0.40219.1
Project("{FAE04EC0-301F-11D3-BF4B-00C04F79EFBC}") = "QLNV", "QLNV\QLNV.csproj", "{2F406B92-3A63-4C4A-AB67-E278361584E1}"
EndProject
Global
	GlobalSection(SolutionConfigurationPlatforms) = preSolution
		Debug|Any CPU = Debug|Any CPU
		Release|Any CPU = Release|Any CPU
	EndGlobalSection
	GlobalSection(ProjectConfigurationPlatforms) = postSolution
		{2F406B92-3A63-4C4A-AB67-E278361584E1}.Debug|Any CPU.ActiveCfg = Debug|Any CPU
		{2F406B92-3A63-4C4A-AB67-E278361584E1}.Debug|Any CPU.Build.0 = Debug|Any CPU
		{2F406B92-3A63-4C4A-AB67-E278361584E1}.Release|Any CPU.ActiveCfg = Release|Any CPU
		{2F406B92-3A63-4C4A-AB67-E278361584E1}.Release|Any CPU.Build.0 = Release|Any CPU
	EndGlobalSection
	GlobalSection(SolutionProperties) = preSolution
		HideSolutionNode = FALSE
	EndGlobalSection
	GlobalSection(ExtensibilityGlobals) = postSolution
		SolutionGuid = {2C168AE5-AAD8-49E2-A0F4-B8CBB0E2EA4E}
	EndGlobalSection
EndGlobal
